// !$*UTF8*$!
{
	archiveVersion = 1;
	classes = {
	};
	objectVersion = 50;
	objects = {

/* Begin PBXBuildFile section */
		D64BA1E722AA5FD1004A0EB5 /* AppDelegate.swift in Sources */ = {isa = PBXBuildFile; fileRef = D64BA1E622AA5FD1004A0EB5 /* AppDelegate.swift */; };
		D64BA1E922AA5FD1004A0EB5 /* StoriesTableVC.swift in Sources */ = {isa = PBXBuildFile; fileRef = D64BA1E822AA5FD1004A0EB5 /* StoriesTableVC.swift */; };
		D64BA1EC22AA5FD1004A0EB5 /* Main.storyboard in Resources */ = {isa = PBXBuildFile; fileRef = D64BA1EA22AA5FD1004A0EB5 /* Main.storyboard */; };
		D64BA1EE22AA5FD2004A0EB5 /* Assets.xcassets in Resources */ = {isa = PBXBuildFile; fileRef = D64BA1ED22AA5FD2004A0EB5 /* Assets.xcassets */; };
		D64BA1F122AA5FD2004A0EB5 /* LaunchScreen.storyboard in Resources */ = {isa = PBXBuildFile; fileRef = D64BA1EF22AA5FD2004A0EB5 /* LaunchScreen.storyboard */; };
		D64BA1FC22AA606E004A0EB5 /* DataManager.swift in Sources */ = {isa = PBXBuildFile; fileRef = D64BA1FB22AA606E004A0EB5 /* DataManager.swift */; };
		D64BA1FE22AA6083004A0EB5 /* ServerManger.swift in Sources */ = {isa = PBXBuildFile; fileRef = D64BA1FD22AA6083004A0EB5 /* ServerManger.swift */; };
		D64BA20022AA6171004A0EB5 /* Constants.swift in Sources */ = {isa = PBXBuildFile; fileRef = D64BA1FF22AA6171004A0EB5 /* Constants.swift */; };
		D64BA20322AA6BCF004A0EB5 /* StoryCell.swift in Sources */ = {isa = PBXBuildFile; fileRef = D64BA20122AA6BCF004A0EB5 /* StoryCell.swift */; };
		D64BA20422AA6BCF004A0EB5 /* StoryCell.xib in Resources */ = {isa = PBXBuildFile; fileRef = D64BA20222AA6BCF004A0EB5 /* StoryCell.xib */; };
		D64BA20622AA71B6004A0EB5 /* Story.swift in Sources */ = {isa = PBXBuildFile; fileRef = D64BA20522AA71B6004A0EB5 /* Story.swift */; };
		D64BA20822AA7EFF004A0EB5 /* StoryVC.swift in Sources */ = {isa = PBXBuildFile; fileRef = D64BA20722AA7EFF004A0EB5 /* StoryVC.swift */; };
/* End PBXBuildFile section */

/* Begin PBXFileReference section */
		D64BA1E322AA5FD0004A0EB5 /* StoriesApp.app */ = {isa = PBXFileReference; explicitFileType = wrapper.application; includeInIndex = 0; path = StoriesApp.app; sourceTree = BUILT_PRODUCTS_DIR; };
		D64BA1E622AA5FD1004A0EB5 /* AppDelegate.swift */ = {isa = PBXFileReference; lastKnownFileType = sourcecode.swift; path = AppDelegate.swift; sourceTree = "<group>"; };
		D64BA1E822AA5FD1004A0EB5 /* StoriesTableVC.swift */ = {isa = PBXFileReference; lastKnownFileType = sourcecode.swift; path = StoriesTableVC.swift; sourceTree = "<group>"; };
		D64BA1EB22AA5FD1004A0EB5 /* Base */ = {isa = PBXFileReference; lastKnownFileType = file.storyboard; name = Base; path = Base.lproj/Main.storyboard; sourceTree = "<group>"; };
		D64BA1ED22AA5FD2004A0EB5 /* Assets.xcassets */ = {isa = PBXFileReference; lastKnownFileType = folder.assetcatalog; path = Assets.xcassets; sourceTree = "<group>"; };
		D64BA1F022AA5FD2004A0EB5 /* Base */ = {isa = PBXFileReference; lastKnownFileType = file.storyboard; name = Base; path = Base.lproj/LaunchScreen.storyboard; sourceTree = "<group>"; };
		D64BA1F222AA5FD2004A0EB5 /* Info.plist */ = {isa = PBXFileReference; lastKnownFileType = text.plist.xml; path = Info.plist; sourceTree = "<group>"; };
		D64BA1FB22AA606E004A0EB5 /* DataManager.swift */ = {isa = PBXFileReference; lastKnownFileType = sourcecode.swift; path = DataManager.swift; sourceTree = "<group>"; };
		D64BA1FD22AA6083004A0EB5 /* ServerManger.swift */ = {isa = PBXFileReference; lastKnownFileType = sourcecode.swift; path = ServerManger.swift; sourceTree = "<group>"; };
		D64BA1FF22AA6171004A0EB5 /* Constants.swift */ = {isa = PBXFileReference; lastKnownFileType = sourcecode.swift; path = Constants.swift; sourceTree = "<group>"; };
		D64BA20122AA6BCF004A0EB5 /* StoryCell.swift */ = {isa = PBXFileReference; lastKnownFileType = sourcecode.swift; path = StoryCell.swift; sourceTree = "<group>"; };
		D64BA20222AA6BCF004A0EB5 /* StoryCell.xib */ = {isa = PBXFileReference; lastKnownFileType = file.xib; path = StoryCell.xib; sourceTree = "<group>"; };
		D64BA20522AA71B6004A0EB5 /* Story.swift */ = {isa = PBXFileReference; lastKnownFileType = sourcecode.swift; path = Story.swift; sourceTree = "<group>"; };
		D64BA20722AA7EFF004A0EB5 /* StoryVC.swift */ = {isa = PBXFileReference; lastKnownFileType = sourcecode.swift; path = StoryVC.swift; sourceTree = "<group>"; };
/* End PBXFileReference section */

/* Begin PBXFrameworksBuildPhase section */
		D64BA1E022AA5FD0004A0EB5 /* Frameworks */ = {
			isa = PBXFrameworksBuildPhase;
			buildActionMask = 2147483647;
			files = (
			);
			runOnlyForDeploymentPostprocessing = 0;
		};
/* End PBXFrameworksBuildPhase section */

/* Begin PBXGroup section */
		D64BA1DA22AA5FD0004A0EB5 = {
			isa = PBXGroup;
			children = (
				D64BA1E522AA5FD0004A0EB5 /* StoriesApp */,
				D64BA1E422AA5FD0004A0EB5 /* Products */,
			);
			sourceTree = "<group>";
		};
		D64BA1E422AA5FD0004A0EB5 /* Products */ = {
			isa = PBXGroup;
			children = (
				D64BA1E322AA5FD0004A0EB5 /* StoriesApp.app */,
			);
			name = Products;
			sourceTree = "<group>";
		};
		D64BA1E522AA5FD0004A0EB5 /* StoriesApp */ = {
			isa = PBXGroup;
			children = (
				D64BA1F822AA6001004A0EB5 /* Model */,
				D64BA1F922AA6010004A0EB5 /* View */,
				D64BA1FA22AA601D004A0EB5 /* Controller */,
				D64BA1E622AA5FD1004A0EB5 /* AppDelegate.swift */,
				D64BA1ED22AA5FD2004A0EB5 /* Assets.xcassets */,
				D64BA1F222AA5FD2004A0EB5 /* Info.plist */,
			);
			path = StoriesApp;
			sourceTree = "<group>";
		};
		D64BA1F822AA6001004A0EB5 /* Model */ = {
			isa = PBXGroup;
			children = (
				D64BA1FB22AA606E004A0EB5 /* DataManager.swift */,
				D64BA1FD22AA6083004A0EB5 /* ServerManger.swift */,
				D64BA1FF22AA6171004A0EB5 /* Constants.swift */,
				D64BA20522AA71B6004A0EB5 /* Story.swift */,
			);
			path = Model;
			sourceTree = "<group>";
		};
		D64BA1F922AA6010004A0EB5 /* View */ = {
			isa = PBXGroup;
			children = (
				D64BA1EA22AA5FD1004A0EB5 /* Main.storyboard */,
				D64BA1EF22AA5FD2004A0EB5 /* LaunchScreen.storyboard */,
				D64BA20122AA6BCF004A0EB5 /* StoryCell.swift */,
				D64BA20222AA6BCF004A0EB5 /* StoryCell.xib */,
			);
			path = View;
			sourceTree = "<group>";
		};
		D64BA1FA22AA601D004A0EB5 /* Controller */ = {
			isa = PBXGroup;
			children = (
				D64BA1E822AA5FD1004A0EB5 /* StoriesTableVC.swift */,
				D64BA20722AA7EFF004A0EB5 /* StoryVC.swift */,
			);
			path = Controller;
			sourceTree = "<group>";
		};
/* End PBXGroup section */

/* Begin PBXNativeTarget section */
		D64BA1E222AA5FD0004A0EB5 /* StoriesApp */ = {
			isa = PBXNativeTarget;
			buildConfigurationList = D64BA1F522AA5FD2004A0EB5 /* Build configuration list for PBXNativeTarget "StoriesApp" */;
			buildPhases = (
				D64BA1DF22AA5FD0004A0EB5 /* Sources */,
				D64BA1E022AA5FD0004A0EB5 /* Frameworks */,
				D64BA1E122AA5FD0004A0EB5 /* Resources */,
			);
			buildRules = (
			);
			dependencies = (
			);
			name = StoriesApp;
			productName = StoriesApp;
			productReference = D64BA1E322AA5FD0004A0EB5 /* StoriesApp.app */;
			productType = "com.apple.product-type.application";
		};
/* End PBXNativeTarget section */

/* Begin PBXProject section */
		D64BA1DB22AA5FD0004A0EB5 /* Project object */ = {
			isa = PBXProject;
			attributes = {
				LastSwiftUpdateCheck = 1010;
				LastUpgradeCheck = 1010;
				ORGANIZATIONNAME = "Neria Jerafi";
				TargetAttributes = {
					D64BA1E222AA5FD0004A0EB5 = {
						CreatedOnToolsVersion = 10.1;
					};
				};
			};
			buildConfigurationList = D64BA1DE22AA5FD0004A0EB5 /* Build configuration list for PBXProject "StoriesApp" */;
			compatibilityVersion = "Xcode 9.3";
			developmentRegion = en;
			hasScannedForEncodings = 0;
			knownRegions = (
				en,
				Base,
			);
			mainGroup = D64BA1DA22AA5FD0004A0EB5;
			productRefGroup = D64BA1E422AA5FD0004A0EB5 /* Products */;
			projectDirPath = "";
			projectRoot = "";
			targets = (
				D64BA1E222AA5FD0004A0EB5 /* StoriesApp */,
			);
		};
/* End PBXProject section */

/* Begin PBXResourcesBuildPhase section */
		D64BA1E122AA5FD0004A0EB5 /* Resources */ = {
			isa = PBXResourcesBuildPhase;
			buildActionMask = 2147483647;
			files = (
				D64BA1F122AA5FD2004A0EB5 /* LaunchScreen.storyboard in Resources */,
				D64BA1EE22AA5FD2004A0EB5 /* Assets.xcassets in Resources */,
				D64BA1EC22AA5FD1004A0EB5 /* Main.storyboard in Resources */,
				D64BA20422AA6BCF004A0EB5 /* StoryCell.xib in Resources */,
			);
			runOnlyForDeploymentPostprocessing = 0;
		};
/* End PBXResourcesBuildPhase section */

/* Begin PBXSourcesBuildPhase section */
		D64BA1DF22AA5FD0004A0EB5 /* Sources */ = {
			isa = PBXSourcesBuildPhase;
			buildActionMask = 2147483647;
			files = (
				D64BA20622AA71B6004A0EB5 /* Story.swift in Sources */,
				D64BA20022AA6171004A0EB5 /* Constants.swift in Sources */,
				D64BA20822AA7EFF004A0EB5 /* StoryVC.swift in Sources */,
				D64BA1E922AA5FD1004A0EB5 /* StoriesTableVC.swift in Sources */,
				D64BA1FC22AA606E004A0EB5 /* DataManager.swift in Sources */,
				D64BA1FE22AA6083004A0EB5 /* ServerManger.swift in Sources */,
				D64BA1E722AA5FD1004A0EB5 /* AppDelegate.swift in Sources */,
				D64BA20322AA6BCF004A0EB5 /* StoryCell.swift in Sources */,
			);
			runOnlyForDeploymentPostprocessing = 0;
		};
/* End PBXSourcesBuildPhase section */

/* Begin PBXVariantGroup section */
		D64BA1EA22AA5FD1004A0EB5 /* Main.storyboard */ = {
			isa = PBXVariantGroup;
			children = (
				D64BA1EB22AA5FD1004A0EB5 /* Base */,
			);
			name = Main.storyboard;
			sourceTree = "<group>";
		};
		D64BA1EF22AA5FD2004A0EB5 /* LaunchScreen.storyboard */ = {
			isa = PBXVariantGroup;
			children = (
				D64BA1F022AA5FD2004A0EB5 /* Base */,
			);
			name = LaunchScreen.storyboard;
			sourceTree = "<group>";
		};
/* End PBXVariantGroup section */

/* Begin XCBuildConfiguration section */
		D64BA1F322AA5FD2004A0EB5 /* Debug */ = {
			isa = XCBuildConfiguration;
			buildSettings = {
				ALWAYS_SEARCH_USER_PATHS = NO;
				CLANG_ANALYZER_NONNULL = YES;
				CLANG_ANALYZER_NUMBER_OBJECT_CONVERSION = YES_AGGRESSIVE;
				CLANG_CXX_LANGUAGE_STANDARD = "gnu++14";
				CLANG_CXX_LIBRARY = "libc++";
				CLANG_ENABLE_MODULES = YES;
				CLANG_ENABLE_OBJC_ARC = YES;
				CLANG_ENABLE_OBJC_WEAK = YES;
				CLANG_WARN_BLOCK_CAPTURE_AUTORELEASING = YES;
				CLANG_WARN_BOOL_CONVERSION = YES;
				CLANG_WARN_COMMA = YES;
				CLANG_WARN_CONSTANT_CONVERSION = YES;
				CLANG_WARN_DEPRECATED_OBJC_IMPLEMENTATIONS = YES;
				CLANG_WARN_DIRECT_OBJC_ISA_USAGE = YES_ERROR;
				CLANG_WARN_DOCUMENTATION_COMMENTS = YES;
				CLANG_WARN_EMPTY_BODY = YES;
				CLANG_WARN_ENUM_CONVERSION = YES;
				CLANG_WARN_INFINITE_RECURSION = YES;
				CLANG_WARN_INT_CONVERSION = YES;
				CLANG_WARN_NON_LITERAL_NULL_CONVERSION = YES;
				CLANG_WARN_OBJC_IMPLICIT_RETAIN_SELF = YES;
				CLANG_WARN_OBJC_LITERAL_CONVERSION = YES;
				CLANG_WARN_OBJC_ROOT_CLASS = YES_ERROR;
				CLANG_WARN_RANGE_LOOP_ANALYSIS = YES;
				CLANG_WARN_STRICT_PROTOTYPES = YES;
				CLANG_WARN_SUSPICIOUS_MOVE = YES;
				CLANG_WARN_UNGUARDED_AVAILABILITY = YES_AGGRESSIVE;
				CLANG_WARN_UNREACHABLE_CODE = YES;
				CLANG_WARN__DUPLICATE_METHOD_MATCH = YES;
				CODE_SIGN_IDENTITY = "iPhone Developer";
				COPY_PHASE_STRIP = NO;
				DEBUG_INFORMATION_FORMAT = dwarf;
				ENABLE_STRICT_OBJC_MSGSEND = YES;
				ENABLE_TESTABILITY = YES;
				GCC_C_LANGUAGE_STANDARD = gnu11;
				GCC_DYNAMIC_NO_PIC = NO;
				GCC_NO_COMMON_BLOCKS = YES;
				GCC_OPTIMIZATION_LEVEL = 0;
				GCC_PREPROCESSOR_DEFINITIONS = (
					"DEBUG=1",
					"$(inherited)",
				);
				GCC_WARN_64_TO_32_BIT_CONVERSION = YES;
				GCC_WARN_ABOUT_RETURN_TYPE = YES_ERROR;
				GCC_WARN_UNDECLARED_SELECTOR = YES;
				GCC_WARN_UNINITIALIZED_AUTOS = YES_AGGRESSIVE;
				GCC_WARN_UNUSED_FUNCTION = YES;
				GCC_WARN_UNUSED_VARIABLE = YES;
				IPHONEOS_DEPLOYMENT_TARGET = 12.1;
				MTL_ENABLE_DEBUG_INFO = INCLUDE_SOURCE;
				MTL_FAST_MATH = YES;
				ONLY_ACTIVE_ARCH = YES;
				SDKROOT = iphoneos;
				SWIFT_ACTIVE_COMPILATION_CONDITIONS = DEBUG;
				SWIFT_OPTIMIZATION_LEVEL = "-Onone";
			};
			name = Debug;
		};
		D64BA1F422AA5FD2004A0EB5 /* Release */ = {
			isa = XCBuildConfiguration;
			buildSettings = {
				ALWAYS_SEARCH_USER_PATHS = NO;
				CLANG_ANALYZER_NONNULL = YES;
				CLANG_ANALYZER_NUMBER_OBJECT_CONVERSION = YES_AGGRESSIVE;
				CLANG_CXX_LANGUAGE_STANDARD = "gnu++14";
				CLANG_CXX_LIBRARY = "libc++";
				CLANG_ENABLE_MODULES = YES;
				CLANG_ENABLE_OBJC_ARC = YES;
				CLANG_ENABLE_OBJC_WEAK = YES;
				CLANG_WARN_BLOCK_CAPTURE_AUTORELEASING = YES;
				CLANG_WARN_BOOL_CONVERSION = YES;
				CLANG_WARN_COMMA = YES;
				CLANG_WARN_CONSTANT_CONVERSION = YES;
				CLANG_WARN_DEPRECATED_OBJC_IMPLEMENTATIONS = YES;
				CLANG_WARN_DIRECT_OBJC_ISA_USAGE = YES_ERROR;
				CLANG_WARN_DOCUMENTATION_COMMENTS = YES;
				CLANG_WARN_EMPTY_BODY = YES;
				CLANG_WARN_ENUM_CONVERSION = YES;
				CLANG_WARN_INFINITE_RECURSION = YES;
				CLANG_WARN_INT_CONVERSION = YES;
				CLANG_WARN_NON_LITERAL_NULL_CONVERSION = YES;
				CLANG_WARN_OBJC_IMPLICIT_RETAIN_SELF = YES;
				CLANG_WARN_OBJC_LITERAL_CONVERSION = YES;
				CLANG_WARN_OBJC_ROOT_CLASS = YES_ERROR;
				CLANG_WARN_RANGE_LOOP_ANALYSIS = YES;
				CLANG_WARN_STRICT_PROTOTYPES = YES;
				CLANG_WARN_SUSPICIOUS_MOVE = YES;
				CLANG_WARN_UNGUARDED_AVAILABILITY = YES_AGGRESSIVE;
				CLANG_WARN_UNREACHABLE_CODE = YES;
				CLANG_WARN__DUPLICATE_METHOD_MATCH = YES;
				CODE_SIGN_IDENTITY = "iPhone Developer";
				COPY_PHASE_STRIP = NO;
				DEBUG_INFORMATION_FORMAT = "dwarf-with-dsym";
				ENABLE_NS_ASSERTIONS = NO;
				ENABLE_STRICT_OBJC_MSGSEND = YES;
				GCC_C_LANGUAGE_STANDARD = gnu11;
				GCC_NO_COMMON_BLOCKS = YES;
				GCC_WARN_64_TO_32_BIT_CONVERSION = YES;
				GCC_WARN_ABOUT_RETURN_TYPE = YES_ERROR;
				GCC_WARN_UNDECLARED_SELECTOR = YES;
				GCC_WARN_UNINITIALIZED_AUTOS = YES_AGGRESSIVE;
				GCC_WARN_UNUSED_FUNCTION = YES;
				GCC_WARN_UNUSED_VARIABLE = YES;
				IPHONEOS_DEPLOYMENT_TARGET = 12.1;
				MTL_ENABLE_DEBUG_INFO = NO;
				MTL_FAST_MATH = YES;
				SDKROOT = iphoneos;
				SWIFT_COMPILATION_MODE = wholemodule;
				SWIFT_OPTIMIZATION_LEVEL = "-O";
				VALIDATE_PRODUCT = YES;
			};
			name = Release;
		};
		D64BA1F622AA5FD2004A0EB5 /* Debug */ = {
			isa = XCBuildConfiguration;
			buildSettings = {
				ASSETCATALOG_COMPILER_APPICON_NAME = AppIcon;
				CODE_SIGN_STYLE = Automatic;
				DEVELOPMENT_TEAM = 3V5PB2ET49;
				INFOPLIST_FILE = StoriesApp/Info.plist;
				LD_RUNPATH_SEARCH_PATHS = (
					"$(inherited)",
					"@executable_path/Frameworks",
				);
				PRODUCT_BUNDLE_IDENTIFIER = com.NeriaJerafi.StoriesApp;
				PRODUCT_NAME = "$(TARGET_NAME)";
				SWIFT_VERSION = 4.2;
				TARGETED_DEVICE_FAMILY = "1,2";
			};
			name = Debug;
		};
		D64BA1F722AA5FD2004A0EB5 /* Release */ = {
			isa = XCBuildConfiguration;
			buildSettings = {
				ASSETCATALOG_COMPILER_APPICON_NAME = AppIcon;
				CODE_SIGN_STYLE = Automatic;
				DEVELOPMENT_TEAM = 3V5PB2ET49;
				INFOPLIST_FILE = StoriesApp/Info.plist;
				LD_RUNPATH_SEARCH_PATHS = (
					"$(inherited)",
					"@executable_path/Frameworks",
				);
				PRODUCT_BUNDLE_IDENTIFIER = com.NeriaJerafi.StoriesApp;
				PRODUCT_NAME = "$(TARGET_NAME)";
				SWIFT_VERSION = 4.2;
				TARGETED_DEVICE_FAMILY = "1,2";
			};
			name = Release;
		};
/* End XCBuildConfiguration section */

/* Begin XCConfigurationList section */
		D64BA1DE22AA5FD0004A0EB5 /* Build configuration list for PBXProject "StoriesApp" */ = {
			isa = XCConfigurationList;
			buildConfigurations = (
				D64BA1F322AA5FD2004A0EB5 /* Debug */,
				D64BA1F422AA5FD2004A0EB5 /* Release */,
			);
			defaultConfigurationIsVisible = 0;
			defaultConfigurationName = Release;
		};
		D64BA1F522AA5FD2004A0EB5 /* Build configuration list for PBXNativeTarget "StoriesApp" */ = {
			isa = XCConfigurationList;
			buildConfigurations = (
				D64BA1F622AA5FD2004A0EB5 /* Debug */,
				D64BA1F722AA5FD2004A0EB5 /* Release */,
			);
			defaultConfigurationIsVisible = 0;
			defaultConfigurationName = Release;
		};
/* End XCConfigurationList section */
	};
	rootObject = D64BA1DB22AA5FD0004A0EB5 /* Project object */;
}
